
Microsoft Visual Studio Solution File, Format Version 12.00
# Visual Studio Version 17
VisualStudioVersion = 17.0.32126.317
MinimumVisualStudioVersion = 10.0.40219.1
Project("{2150E333-8FDC-42A3-9474-1A3956D46DE8}") = "src", "src", "{DDA3F455-4BB9-4608-A35F-98D97D5CBAD8}"
EndProject
Project("{2150E333-8FDC-42A3-9474-1A3956D46DE8}") = "tests", "tests", "{339E6607-2F9D-48B3-BFCD-5EAC7013FD5A}"
EndProject
Project("{2150E333-8FDC-42A3-9474-1A3956D46DE8}") = "Domain", "Domain", "{61EF2342-957A-44ED-995F-3974F4C091C6}"
EndProject
Project("{2150E333-8FDC-42A3-9474-1A3956D46DE8}") = "Infra.Data", "Infra.Data", "{0351781C-77D5-4AD3-8862-B8AFC70A5A1A}"
EndProject
Project("{2150E333-8FDC-42A3-9474-1A3956D46DE8}") = "Infra.IoC", "Infra.IoC", "{DC74C6FD-5A9D-412F-9D24-51A4AC25013D}"
EndProject
Project("{2150E333-8FDC-42A3-9474-1A3956D46DE8}") = "Presentation", "Presentation", "{3C1EDDA8-D72B-4B22-A9B7-C1FAD5AD6ABC}"
EndProject
Project("{2150E333-8FDC-42A3-9474-1A3956D46DE8}") = "Application", "Application", "{8A5313DB-9C1D-4A9D-AED1-2C6FB852C111}"
EndProject
Project("{FAE04EC0-301F-11D3-BF4B-00C04F79EFBC}") = "CA.Application", "Application\CA.Application\CA.Application.csproj", "{E7212C90-062D-4317-89B9-FB2E5C7B0BC2}"
EndProject
Project("{FAE04EC0-301F-11D3-BF4B-00C04F79EFBC}") = "CA.Domain", "Domain\CA.Domain\CA.Domain.csproj", "{0A5F38B8-F851-4851-908F-E9326FB827C5}"
EndProject
Project("{FAE04EC0-301F-11D3-BF4B-00C04F79EFBC}") = "CA.Infrastructure.Data", "Infra.Data\CA.Infrastructure.Data\CA.Infrastructure.Data.csproj", "{451EAFBB-D750-4E66-B3BC-E5F1F059369A}"
EndProject
Project("{FAE04EC0-301F-11D3-BF4B-00C04F79EFBC}") = "CA.Infrastructure.IoC", "Infra.IoC\CA.Infrastructure.IoC\CA.Infrastructure.IoC.csproj", "{9C615972-C5FE-4AA9-9EBE-AF7D478D5F19}"
EndProject
Global
	GlobalSection(SolutionConfigurationPlatforms) = preSolution
		Debug|Any CPU = Debug|Any CPU
		Release|Any CPU = Release|Any CPU
	EndGlobalSection
	GlobalSection(ProjectConfigurationPlatforms) = postSolution
		{E7212C90-062D-4317-89B9-FB2E5C7B0BC2}.Debug|Any CPU.ActiveCfg = Debug|Any CPU
		{E7212C90-062D-4317-89B9-FB2E5C7B0BC2}.Debug|Any CPU.Build.0 = Debug|Any CPU
		{E7212C90-062D-4317-89B9-FB2E5C7B0BC2}.Release|Any CPU.ActiveCfg = Release|Any CPU
		{E7212C90-062D-4317-89B9-FB2E5C7B0BC2}.Release|Any CPU.Build.0 = Release|Any CPU
		{0A5F38B8-F851-4851-908F-E9326FB827C5}.Debug|Any CPU.ActiveCfg = Debug|Any CPU
		{0A5F38B8-F851-4851-908F-E9326FB827C5}.Debug|Any CPU.Build.0 = Debug|Any CPU
		{0A5F38B8-F851-4851-908F-E9326FB827C5}.Release|Any CPU.ActiveCfg = Release|Any CPU
		{0A5F38B8-F851-4851-908F-E9326FB827C5}.Release|Any CPU.Build.0 = Release|Any CPU
		{451EAFBB-D750-4E66-B3BC-E5F1F059369A}.Debug|Any CPU.ActiveCfg = Debug|Any CPU
		{451EAFBB-D750-4E66-B3BC-E5F1F059369A}.Debug|Any CPU.Build.0 = Debug|Any CPU
		{451EAFBB-D750-4E66-B3BC-E5F1F059369A}.Release|Any CPU.ActiveCfg = Release|Any CPU
		{451EAFBB-D750-4E66-B3BC-E5F1F059369A}.Release|Any CPU.Build.0 = Release|Any CPU
		{9C615972-C5FE-4AA9-9EBE-AF7D478D5F19}.Debug|Any CPU.ActiveCfg = Debug|Any CPU
		{9C615972-C5FE-4AA9-9EBE-AF7D478D5F19}.Debug|Any CPU.Build.0 = Debug|Any CPU
		{9C615972-C5FE-4AA9-9EBE-AF7D478D5F19}.Release|Any CPU.ActiveCfg = Release|Any CPU
		{9C615972-C5FE-4AA9-9EBE-AF7D478D5F19}.Release|Any CPU.Build.0 = Release|Any CPU
	EndGlobalSection
	GlobalSection(SolutionProperties) = preSolution
		HideSolutionNode = FALSE
	EndGlobalSection
	GlobalSection(NestedProjects) = preSolution
		{61EF2342-957A-44ED-995F-3974F4C091C6} = {DDA3F455-4BB9-4608-A35F-98D97D5CBAD8}
		{0351781C-77D5-4AD3-8862-B8AFC70A5A1A} = {DDA3F455-4BB9-4608-A35F-98D97D5CBAD8}
		{DC74C6FD-5A9D-412F-9D24-51A4AC25013D} = {DDA3F455-4BB9-4608-A35F-98D97D5CBAD8}
		{3C1EDDA8-D72B-4B22-A9B7-C1FAD5AD6ABC} = {DDA3F455-4BB9-4608-A35F-98D97D5CBAD8}
		{8A5313DB-9C1D-4A9D-AED1-2C6FB852C111} = {DDA3F455-4BB9-4608-A35F-98D97D5CBAD8}
		{E7212C90-062D-4317-89B9-FB2E5C7B0BC2} = {8A5313DB-9C1D-4A9D-AED1-2C6FB852C111}
		{0A5F38B8-F851-4851-908F-E9326FB827C5} = {61EF2342-957A-44ED-995F-3974F4C091C6}
		{451EAFBB-D750-4E66-B3BC-E5F1F059369A} = {0351781C-77D5-4AD3-8862-B8AFC70A5A1A}
		{9C615972-C5FE-4AA9-9EBE-AF7D478D5F19} = {DC74C6FD-5A9D-412F-9D24-51A4AC25013D}
	EndGlobalSection
	GlobalSection(ExtensibilityGlobals) = postSolution
		SolutionGuid = {04BED03A-638F-4222-ABE6-FE7A54D3AF73}
	EndGlobalSection
EndGlobal
